// !$*UTF8*$!
{
	archiveVersion = 1;
	classes = {
	};
	objectVersion = 50;
	objects = {

/* Begin PBXBuildFile section */
		6201968329AF6AB500F0162B /* ResultDetailsPage.swift in Sources */ = {isa = PBXBuildFile; fileRef = 6201968229AF6AB500F0162B /* ResultDetailsPage.swift */; };
		6201968529AF6AC000F0162B /* PenyakitData.swift in Sources */ = {isa = PBXBuildFile; fileRef = 6201968429AF6AC000F0162B /* PenyakitData.swift */; };
		AF293F5F26A815A400B76D21 /* DokterPage.swift in Sources */ = {isa = PBXBuildFile; fileRef = AF293F5E26A815A400B76D21 /* DokterPage.swift */; };
		AFBC851126A01C5E00072717 /* PetsApp.swift in Sources */ = {isa = PBXBuildFile; fileRef = AFBC851026A01C5E00072717 /* PetsApp.swift */; };
		AFBC851326A01C5E00072717 /* HomePage.swift in Sources */ = {isa = PBXBuildFile; fileRef = AFBC851226A01C5E00072717 /* HomePage.swift */; };
		AFBC851526A01C5F00072717 /* Assets.xcassets in Resources */ = {isa = PBXBuildFile; fileRef = AFBC851426A01C5F00072717 /* Assets.xcassets */; };
		AFBC851826A01C5F00072717 /* Preview Assets.xcassets in Resources */ = {isa = PBXBuildFile; fileRef = AFBC851726A01C5F00072717 /* Preview Assets.xcassets */; };
		AFBC851A26A01C5F00072717 /* Persistence.swift in Sources */ = {isa = PBXBuildFile; fileRef = AFBC851926A01C5F00072717 /* Persistence.swift */; };
		AFBC851D26A01C5F00072717 /* Pets.xcdatamodeld in Sources */ = {isa = PBXBuildFile; fileRef = AFBC851B26A01C5F00072717 /* Pets.xcdatamodeld */; };
/* End PBXBuildFile section */

/* Begin PBXFileReference section */
		6201967529AF6A5700F0162B /* KatPenayakit2.swift */ = {isa = PBXFileReference; lastKnownFileType = sourcecode.swift; path = KatPenayakit2.swift; sourceTree = "<group>"; };
		6201967629AF6A5700F0162B /* PageHasil.swift */ = {isa = PBXFileReference; lastKnownFileType = sourcecode.swift; path = PageHasil.swift; sourceTree = "<group>"; };
		6201967729AF6A5700F0162B /* DgQuest1.swift */ = {isa = PBXFileReference; lastKnownFileType = sourcecode.swift; path = DgQuest1.swift; sourceTree = "<group>"; };
		6201967829AF6A5700F0162B /* KatPenyakit1.swift */ = {isa = PBXFileReference; lastKnownFileType = sourcecode.swift; path = KatPenyakit1.swift; sourceTree = "<group>"; };
		6201967929AF6A5700F0162B /* KatPenyakit3.swift */ = {isa = PBXFileReference; lastKnownFileType = sourcecode.swift; path = KatPenyakit3.swift; sourceTree = "<group>"; };
		6201967A29AF6A5700F0162B /* KatPenyakit4.swift */ = {isa = PBXFileReference; lastKnownFileType = sourcecode.swift; path = KatPenyakit4.swift; sourceTree = "<group>"; };
		6201967B29AF6A5700F0162B /* halamanlain.swift */ = {isa = PBXFileReference; lastKnownFileType = sourcecode.swift; path = halamanlain.swift; sourceTree = "<group>"; };
		6201967C29AF6A5700F0162B /* DiagQues1.swift */ = {isa = PBXFileReference; lastKnownFileType = sourcecode.swift; path = DiagQues1.swift; sourceTree = "<group>"; };
		6201967D29AF6A5700F0162B /* DiagnosePage.swift */ = {isa = PBXFileReference; lastKnownFileType = sourcecode.swift; path = DiagnosePage.swift; sourceTree = "<group>"; };
		6201967E29AF6A5700F0162B /* ComingSoon.swift */ = {isa = PBXFileReference; lastKnownFileType = sourcecode.swift; path = ComingSoon.swift; sourceTree = "<group>"; };
		6201968229AF6AB500F0162B /* ResultDetailsPage.swift */ = {isa = PBXFileReference; fileEncoding = 4; lastKnownFileType = sourcecode.swift; path = ResultDetailsPage.swift; sourceTree = "<group>"; };
		6201968429AF6AC000F0162B /* PenyakitData.swift */ = {isa = PBXFileReference; fileEncoding = 4; lastKnownFileType = sourcecode.swift; path = PenyakitData.swift; sourceTree = "<group>"; };
		AF293F5E26A815A400B76D21 /* DokterPage.swift */ = {isa = PBXFileReference; lastKnownFileType = sourcecode.swift; path = DokterPage.swift; sourceTree = "<group>"; };
		AFBC850D26A01C5E00072717 /* Pets.app */ = {isa = PBXFileReference; explicitFileType = wrapper.application; includeInIndex = 0; path = Pets.app; sourceTree = BUILT_PRODUCTS_DIR; };
		AFBC851026A01C5E00072717 /* PetsApp.swift */ = {isa = PBXFileReference; lastKnownFileType = sourcecode.swift; path = PetsApp.swift; sourceTree = "<group>"; };
		AFBC851226A01C5E00072717 /* HomePage.swift */ = {isa = PBXFileReference; lastKnownFileType = sourcecode.swift; path = HomePage.swift; sourceTree = "<group>"; };
		AFBC851426A01C5F00072717 /* Assets.xcassets */ = {isa = PBXFileReference; lastKnownFileType = folder.assetcatalog; path = Assets.xcassets; sourceTree = "<group>"; };
		AFBC851726A01C5F00072717 /* Preview Assets.xcassets */ = {isa = PBXFileReference; lastKnownFileType = folder.assetcatalog; path = "Preview Assets.xcassets"; sourceTree = "<group>"; };
		AFBC851926A01C5F00072717 /* Persistence.swift */ = {isa = PBXFileReference; lastKnownFileType = sourcecode.swift; path = Persistence.swift; sourceTree = "<group>"; };
		AFBC851C26A01C5F00072717 /* Pets.xcdatamodel */ = {isa = PBXFileReference; lastKnownFileType = wrapper.xcdatamodel; path = Pets.xcdatamodel; sourceTree = "<group>"; };
		AFBC851E26A01C5F00072717 /* Info.plist */ = {isa = PBXFileReference; lastKnownFileType = text.plist.xml; path = Info.plist; sourceTree = "<group>"; };
/* End PBXFileReference section */

/* Begin PBXFrameworksBuildPhase section */
		AFBC850A26A01C5E00072717 /* Frameworks */ = {
			isa = PBXFrameworksBuildPhase;
			buildActionMask = 2147483647;
			files = (
			);
			runOnlyForDeploymentPostprocessing = 0;
		};
/* End PBXFrameworksBuildPhase section */

/* Begin PBXGroup section */
		6201967429AF6A5700F0162B /* View */ = {
			isa = PBXGroup;
			children = (
				6201967529AF6A5700F0162B /* KatPenayakit2.swift */,
				6201967629AF6A5700F0162B /* PageHasil.swift */,
				6201967729AF6A5700F0162B /* DgQuest1.swift */,
				6201967829AF6A5700F0162B /* KatPenyakit1.swift */,
				6201967929AF6A5700F0162B /* KatPenyakit3.swift */,
				6201967A29AF6A5700F0162B /* KatPenyakit4.swift */,
				6201967B29AF6A5700F0162B /* halamanlain.swift */,
				6201967C29AF6A5700F0162B /* DiagQues1.swift */,
				6201967D29AF6A5700F0162B /* DiagnosePage.swift */,
				6201967E29AF6A5700F0162B /* ComingSoon.swift */,
			);
			path = View;
			sourceTree = "<group>";
		};
		AFBC850426A01C5E00072717 = {
			isa = PBXGroup;
			children = (
				AFBC850F26A01C5E00072717 /* Pets */,
				AFBC850E26A01C5E00072717 /* Products */,
			);
			sourceTree = "<group>";
		};
		AFBC850E26A01C5E00072717 /* Products */ = {
			isa = PBXGroup;
			children = (
				AFBC850D26A01C5E00072717 /* Pets.app */,
			);
			name = Products;
			sourceTree = "<group>";
		};
		AFBC850F26A01C5E00072717 /* Pets */ = {
			isa = PBXGroup;
			children = (
				AFBC851026A01C5E00072717 /* PetsApp.swift */,
				6201967429AF6A5700F0162B /* View */,
				AFBC851226A01C5E00072717 /* HomePage.swift */,
				AFBC851426A01C5F00072717 /* Assets.xcassets */,
				AFBC851926A01C5F00072717 /* Persistence.swift */,
				6201968229AF6AB500F0162B /* ResultDetailsPage.swift */,
				6201968429AF6AC000F0162B /* PenyakitData.swift */,
				AFBC851E26A01C5F00072717 /* Info.plist */,
				AFBC851B26A01C5F00072717 /* Pets.xcdatamodeld */,
				AFBC851626A01C5F00072717 /* Preview Content */,
				AF293F5E26A815A400B76D21 /* DokterPage.swift */,
			);
			path = Pets;
			sourceTree = "<group>";
		};
		AFBC851626A01C5F00072717 /* Preview Content */ = {
			isa = PBXGroup;
			children = (
				AFBC851726A01C5F00072717 /* Preview Assets.xcassets */,
			);
			path = "Preview Content";
			sourceTree = "<group>";
		};
/* End PBXGroup section */

/* Begin PBXNativeTarget section */
		AFBC850C26A01C5E00072717 /* Pets */ = {
			isa = PBXNativeTarget;
			buildConfigurationList = AFBC852126A01C5F00072717 /* Build configuration list for PBXNativeTarget "Pets" */;
			buildPhases = (
				AFBC850926A01C5E00072717 /* Sources */,
				AFBC850A26A01C5E00072717 /* Frameworks */,
				AFBC850B26A01C5E00072717 /* Resources */,
			);
			buildRules = (
			);
			dependencies = (
			);
			name = Pets;
			productName = Pets;
			productReference = AFBC850D26A01C5E00072717 /* Pets.app */;
			productType = "com.apple.product-type.application";
		};
/* End PBXNativeTarget section */

/* Begin PBXProject section */
		AFBC850526A01C5E00072717 /* Project object */ = {
			isa = PBXProject;
			attributes = {
				LastSwiftUpdateCheck = 1250;
				LastUpgradeCheck = 1250;
				TargetAttributes = {
					AFBC850C26A01C5E00072717 = {
						CreatedOnToolsVersion = 12.5.1;
					};
				};
			};
			buildConfigurationList = AFBC850826A01C5E00072717 /* Build configuration list for PBXProject "Pets" */;
			compatibilityVersion = "Xcode 9.3";
			developmentRegion = en;
			hasScannedForEncodings = 0;
			knownRegions = (
				en,
				Base,
			);
			mainGroup = AFBC850426A01C5E00072717;
			productRefGroup = AFBC850E26A01C5E00072717 /* Products */;
			projectDirPath = "";
			projectRoot = "";
			targets = (
				AFBC850C26A01C5E00072717 /* Pets */,
			);
		};
/* End PBXProject section */

/* Begin PBXResourcesBuildPhase section */
		AFBC850B26A01C5E00072717 /* Resources */ = {
			isa = PBXResourcesBuildPhase;
			buildActionMask = 2147483647;
			files = (
				AFBC851826A01C5F00072717 /* Preview Assets.xcassets in Resources */,
				AFBC851526A01C5F00072717 /* Assets.xcassets in Resources */,
			);
			runOnlyForDeploymentPostprocessing = 0;
		};
/* End PBXResourcesBuildPhase section */

/* Begin PBXSourcesBuildPhase section */
		AFBC850926A01C5E00072717 /* Sources */ = {
			isa = PBXSourcesBuildPhase;
			buildActionMask = 2147483647;
			files = (
				AFBC851A26A01C5F00072717 /* Persistence.swift in Sources */,
				AF293F5F26A815A400B76D21 /* DokterPage.swift in Sources */,
				AFBC851D26A01C5F00072717 /* Pets.xcdatamodeld in Sources */,
				6201968529AF6AC000F0162B /* PenyakitData.swift in Sources */,
				AFBC851326A01C5E00072717 /* HomePage.swift in Sources */,
				6201968329AF6AB500F0162B /* ResultDetailsPage.swift in Sources */,
				AFBC851126A01C5E00072717 /* PetsApp.swift in Sources */,
			);
			runOnlyForDeploymentPostprocessing = 0;
		};
/* End PBXSourcesBuildPhase section */

/* Begin XCBuildConfiguration section */
		AFBC851F26A01C5F00072717 /* Debug */ = {
			isa = XCBuildConfiguration;
			buildSettings = {
				ALWAYS_SEARCH_USER_PATHS = NO;
				CLANG_ANALYZER_NONNULL = YES;
				CLANG_ANALYZER_NUMBER_OBJECT_CONVERSION = YES_AGGRESSIVE;
				CLANG_CXX_LANGUAGE_STANDARD = "gnu++14";
				CLANG_CXX_LIBRARY = "libc++";
				CLANG_ENABLE_MODULES = YES;
				CLANG_ENABLE_OBJC_ARC = YES;
				CLANG_ENABLE_OBJC_WEAK = YES;
				CLANG_WARN_BLOCK_CAPTURE_AUTORELEASING = YES;
				CLANG_WARN_BOOL_CONVERSION = YES;
				CLANG_WARN_COMMA = YES;
				CLANG_WARN_CONSTANT_CONVERSION = YES;
				CLANG_WARN_DEPRECATED_OBJC_IMPLEMENTATIONS = YES;
				CLANG_WARN_DIRECT_OBJC_ISA_USAGE = YES_ERROR;
				CLANG_WARN_DOCUMENTATION_COMMENTS = YES;
				CLANG_WARN_EMPTY_BODY = YES;
				CLANG_WARN_ENUM_CONVERSION = YES;
				CLANG_WARN_INFINITE_RECURSION = YES;
				CLANG_WARN_INT_CONVERSION = YES;
				CLANG_WARN_NON_LITERAL_NULL_CONVERSION = YES;
				CLANG_WARN_OBJC_IMPLICIT_RETAIN_SELF = YES;
				CLANG_WARN_OBJC_LITERAL_CONVERSION = YES;
				CLANG_WARN_OBJC_ROOT_CLASS = YES_ERROR;
				CLANG_WARN_QUOTED_INCLUDE_IN_FRAMEWORK_HEADER = YES;
				CLANG_WARN_RANGE_LOOP_ANALYSIS = YES;
				CLANG_WARN_STRICT_PROTOTYPES = YES;
				CLANG_WARN_SUSPICIOUS_MOVE = YES;
				CLANG_WARN_UNGUARDED_AVAILABILITY = YES_AGGRESSIVE;
				CLANG_WARN_UNREACHABLE_CODE = YES;
				CLANG_WARN__DUPLICATE_METHOD_MATCH = YES;
				COPY_PHASE_STRIP = NO;
				DEBUG_INFORMATION_FORMAT = dwarf;
				ENABLE_STRICT_OBJC_MSGSEND = YES;
				ENABLE_TESTABILITY = YES;
				GCC_C_LANGUAGE_STANDARD = gnu11;
				GCC_DYNAMIC_NO_PIC = NO;
				GCC_NO_COMMON_BLOCKS = YES;
				GCC_OPTIMIZATION_LEVEL = 0;
				GCC_PREPROCESSOR_DEFINITIONS = (
					"DEBUG=1",
					"$(inherited)",
				);
				GCC_WARN_64_TO_32_BIT_CONVERSION = YES;
				GCC_WARN_ABOUT_RETURN_TYPE = YES_ERROR;
				GCC_WARN_UNDECLARED_SELECTOR = YES;
				GCC_WARN_UNINITIALIZED_AUTOS = YES_AGGRESSIVE;
				GCC_WARN_UNUSED_FUNCTION = YES;
				GCC_WARN_UNUSED_VARIABLE = YES;
				IPHONEOS_DEPLOYMENT_TARGET = 14.5;
				MTL_ENABLE_DEBUG_INFO = INCLUDE_SOURCE;
				MTL_FAST_MATH = YES;
				ONLY_ACTIVE_ARCH = YES;
				SDKROOT = iphoneos;
				SWIFT_ACTIVE_COMPILATION_CONDITIONS = DEBUG;
				SWIFT_OPTIMIZATION_LEVEL = "-Onone";
			};
			name = Debug;
		};
		AFBC852026A01C5F00072717 /* Release */ = {
			isa = XCBuildConfiguration;
			buildSettings = {
				ALWAYS_SEARCH_USER_PATHS = NO;
				CLANG_ANALYZER_NONNULL = YES;
				CLANG_ANALYZER_NUMBER_OBJECT_CONVERSION = YES_AGGRESSIVE;
				CLANG_CXX_LANGUAGE_STANDARD = "gnu++14";
				CLANG_CXX_LIBRARY = "libc++";
				CLANG_ENABLE_MODULES = YES;
				CLANG_ENABLE_OBJC_ARC = YES;
				CLANG_ENABLE_OBJC_WEAK = YES;
				CLANG_WARN_BLOCK_CAPTURE_AUTORELEASING = YES;
				CLANG_WARN_BOOL_CONVERSION = YES;
				CLANG_WARN_COMMA = YES;
				CLANG_WARN_CONSTANT_CONVERSION = YES;
				CLANG_WARN_DEPRECATED_OBJC_IMPLEMENTATIONS = YES;
				CLANG_WARN_DIRECT_OBJC_ISA_USAGE = YES_ERROR;
				CLANG_WARN_DOCUMENTATION_COMMENTS = YES;
				CLANG_WARN_EMPTY_BODY = YES;
				CLANG_WARN_ENUM_CONVERSION = YES;
				CLANG_WARN_INFINITE_RECURSION = YES;
				CLANG_WARN_INT_CONVERSION = YES;
				CLANG_WARN_NON_LITERAL_NULL_CONVERSION = YES;
				CLANG_WARN_OBJC_IMPLICIT_RETAIN_SELF = YES;
				CLANG_WARN_OBJC_LITERAL_CONVERSION = YES;
				CLANG_WARN_OBJC_ROOT_CLASS = YES_ERROR;
				CLANG_WARN_QUOTED_INCLUDE_IN_FRAMEWORK_HEADER = YES;
				CLANG_WARN_RANGE_LOOP_ANALYSIS = YES;
				CLANG_WARN_STRICT_PROTOTYPES = YES;
				CLANG_WARN_SUSPICIOUS_MOVE = YES;
				CLANG_WARN_UNGUARDED_AVAILABILITY = YES_AGGRESSIVE;
				CLANG_WARN_UNREACHABLE_CODE = YES;
				CLANG_WARN__DUPLICATE_METHOD_MATCH = YES;
				COPY_PHASE_STRIP = NO;
				DEBUG_INFORMATION_FORMAT = "dwarf-with-dsym";
				ENABLE_NS_ASSERTIONS = NO;
				ENABLE_STRICT_OBJC_MSGSEND = YES;
				GCC_C_LANGUAGE_STANDARD = gnu11;
				GCC_NO_COMMON_BLOCKS = YES;
				GCC_WARN_64_TO_32_BIT_CONVERSION = YES;
				GCC_WARN_ABOUT_RETURN_TYPE = YES_ERROR;
				GCC_WARN_UNDECLARED_SELECTOR = YES;
				GCC_WARN_UNINITIALIZED_AUTOS = YES_AGGRESSIVE;
				GCC_WARN_UNUSED_FUNCTION = YES;
				GCC_WARN_UNUSED_VARIABLE = YES;
				IPHONEOS_DEPLOYMENT_TARGET = 14.5;
				MTL_ENABLE_DEBUG_INFO = NO;
				MTL_FAST_MATH = YES;
				SDKROOT = iphoneos;
				SWIFT_COMPILATION_MODE = wholemodule;
				SWIFT_OPTIMIZATION_LEVEL = "-O";
				VALIDATE_PRODUCT = YES;
			};
			name = Release;
		};
		AFBC852226A01C5F00072717 /* Debug */ = {
			isa = XCBuildConfiguration;
			buildSettings = {
				ASSETCATALOG_COMPILER_APPICON_NAME = AppIcon;
				ASSETCATALOG_COMPILER_GLOBAL_ACCENT_COLOR_NAME = AccentColor;
				CODE_SIGN_STYLE = Automatic;
				DEVELOPMENT_ASSET_PATHS = "\"Pets/Preview Content\"";
				ENABLE_PREVIEWS = YES;
				INFOPLIST_FILE = Pets/Info.plist;
				IPHONEOS_DEPLOYMENT_TARGET = 14.0;
				LD_RUNPATH_SEARCH_PATHS = (
					"$(inherited)",
					"@executable_path/Frameworks",
				);
				PRODUCT_BUNDLE_IDENTIFIER = com.Rol.Pets;
				PRODUCT_NAME = "$(TARGET_NAME)";
				SWIFT_VERSION = 5.0;
				TARGETED_DEVICE_FAMILY = "1,2";
			};
			name = Debug;
		};
		AFBC852326A01C5F00072717 /* Release */ = {
			isa = XCBuildConfiguration;
			buildSettings = {
				ASSETCATALOG_COMPILER_APPICON_NAME = AppIcon;
				ASSETCATALOG_COMPILER_GLOBAL_ACCENT_COLOR_NAME = AccentColor;
				CODE_SIGN_STYLE = Automatic;
				DEVELOPMENT_ASSET_PATHS = "\"Pets/Preview Content\"";
				ENABLE_PREVIEWS = YES;
				INFOPLIST_FILE = Pets/Info.plist;
				IPHONEOS_DEPLOYMENT_TARGET = 14.0;
				LD_RUNPATH_SEARCH_PATHS = (
					"$(inherited)",
					"@executable_path/Frameworks",
				);
				PRODUCT_BUNDLE_IDENTIFIER = com.Rol.Pets;
				PRODUCT_NAME = "$(TARGET_NAME)";
				SWIFT_VERSION = 5.0;
				TARGETED_DEVICE_FAMILY = "1,2";
			};
			name = Release;
		};
/* End XCBuildConfiguration section */

/* Begin XCConfigurationList section */
		AFBC850826A01C5E00072717 /* Build configuration list for PBXProject "Pets" */ = {
			isa = XCConfigurationList;
			buildConfigurations = (
				AFBC851F26A01C5F00072717 /* Debug */,
				AFBC852026A01C5F00072717 /* Release */,
			);
			defaultConfigurationIsVisible = 0;
			defaultConfigurationName = Release;
		};
		AFBC852126A01C5F00072717 /* Build configuration list for PBXNativeTarget "Pets" */ = {
			isa = XCConfigurationList;
			buildConfigurations = (
				AFBC852226A01C5F00072717 /* Debug */,
				AFBC852326A01C5F00072717 /* Release */,
			);
			defaultConfigurationIsVisible = 0;
			defaultConfigurationName = Release;
		};
/* End XCConfigurationList section */

/* Begin XCVersionGroup section */
		AFBC851B26A01C5F00072717 /* Pets.xcdatamodeld */ = {
			isa = XCVersionGroup;
			children = (
				AFBC851C26A01C5F00072717 /* Pets.xcdatamodel */,
			);
			currentVersion = AFBC851C26A01C5F00072717 /* Pets.xcdatamodel */;
			path = Pets.xcdatamodeld;
			sourceTree = "<group>";
			versionGroupType = wrapper.xcdatamodel;
		};
/* End XCVersionGroup section */
	};
	rootObject = AFBC850526A01C5E00072717 /* Project object */;
}
